
Microsoft Visual Studio Solution File, Format Version 12.00
# Visual Studio Version 17
VisualStudioVersion = 17.5.33516.290
MinimumVisualStudioVersion = 10.0.40219.1
Project("{FAE04EC0-301F-11D3-BF4B-00C04F79EFBC}") = "CourierMS_piistech", "CourierMS_piistech\CourierMS_piistech.csproj", "{555924AA-B674-49AF-8D64-573F32027C74}"
EndProject
Project("{FAE04EC0-301F-11D3-BF4B-00C04F79EFBC}") = "BLL", "BLL\BLL.csproj", "{824493CC-8605-436D-B32B-57F07B7B847A}"
EndProject
Project("{FAE04EC0-301F-11D3-BF4B-00C04F79EFBC}") = "DAL", "DAL\DAL.csproj", "{678AE12A-71D4-4B90-B888-9565DE90F919}"
EndProject
Global
	GlobalSection(SolutionConfigurationPlatforms) = preSolution
		Debug|Any CPU = Debug|Any CPU
		Release|Any CPU = Release|Any CPU
	EndGlobalSection
	GlobalSection(ProjectConfigurationPlatforms) = postSolution
		{555924AA-B674-49AF-8D64-573F32027C74}.Debug|Any CPU.ActiveCfg = Debug|Any CPU
		{555924AA-B674-49AF-8D64-573F32027C74}.Debug|Any CPU.Build.0 = Debug|Any CPU
		{555924AA-B674-49AF-8D64-573F32027C74}.Release|Any CPU.ActiveCfg = Release|Any CPU
		{555924AA-B674-49AF-8D64-573F32027C74}.Release|Any CPU.Build.0 = Release|Any CPU
		{824493CC-8605-436D-B32B-57F07B7B847A}.Debug|Any CPU.ActiveCfg = Debug|Any CPU
		{824493CC-8605-436D-B32B-57F07B7B847A}.Debug|Any CPU.Build.0 = Debug|Any CPU
		{824493CC-8605-436D-B32B-57F07B7B847A}.Release|Any CPU.ActiveCfg = Release|Any CPU
		{824493CC-8605-436D-B32B-57F07B7B847A}.Release|Any CPU.Build.0 = Release|Any CPU
		{678AE12A-71D4-4B90-B888-9565DE90F919}.Debug|Any CPU.ActiveCfg = Debug|Any CPU
		{678AE12A-71D4-4B90-B888-9565DE90F919}.Debug|Any CPU.Build.0 = Debug|Any CPU
		{678AE12A-71D4-4B90-B888-9565DE90F919}.Release|Any CPU.ActiveCfg = Release|Any CPU
		{678AE12A-71D4-4B90-B888-9565DE90F919}.Release|Any CPU.Build.0 = Release|Any CPU
	EndGlobalSection
	GlobalSection(SolutionProperties) = preSolution
		HideSolutionNode = FALSE
	EndGlobalSection
	GlobalSection(ExtensibilityGlobals) = postSolution
		SolutionGuid = {47F0FEAC-8CB8-4567-ADE5-99E115FBEEDE}
	EndGlobalSection
EndGlobal
